{
  "name": "antdstudent",
  "version": "1.0.0",
  "lockfileVersion": 1,
  "requires": true,
  "dependencies": {
    "@ant-design/colors": {
      "version": "3.2.2",
      "resolved": "https://registry.npm.taobao.org/@ant-design/colors/download/@ant-design/colors-3.2.2.tgz",
      "integrity": "sha1-WtQ9YZ6RHzSI66wwPWBuZqhCOQM=",
      "requires": {
        "tinycolor2": "^1.4.1"
      }
    },
    "@ant-design/icons": {
      "version": "4.1.0",
      "resolved": "https://registry.npm.taobao.org/@ant-design/icons/download/@ant-design/icons-4.1.0.tgz",
      "integrity": "sha1-RE7cw4ItW0OysDjW+JPNf338xI0=",
      "requires": {
        "@ant-design/colors": "^3.1.0",
        "@ant-design/icons-svg": "^4.0.0",
        "classnames": "^2.2.6",
        "insert-css": "^2.0.0",
        "rc-util": "^4.9.0"
      }
    },
    "@ant-design/icons-svg": {
      "version": "4.1.0",
      "resolved": "https://registry.npm.taobao.org/@ant-design/icons-svg/download/@ant-design/icons-svg-4.1.0.tgz",
      "integrity": "sha1-SAsCX0sg73/o9H1KSEbk/uhOoGw="
    },
    "add-dom-event-listener": {
      "version": "1.1.0",
      "resolved": "https://registry.npm.taobao.org/add-dom-event-listener/download/add-dom-event-listener-1.1.0.tgz",
      "integrity": "sha1-apLbOg3Qq8JU4JXA8dwUrLuq4xA=",
      "requires": {
        "object-assign": "4.x"
      }
    },
    "classnames": {
      "version": "2.2.6",
      "resolved": "https://registry.npm.taobao.org/classnames/download/classnames-2.2.6.tgz?cache=0&sync_timestamp=1564556269757&other_urls=https%3A%2F%2Fregistry.npm.taobao.org%2Fclassnames%2Fdownload%2Fclassnames-2.2.6.tgz",
      "integrity": "sha1-Q5Nb/90pHzJtrQogUwmzjQD2UM4="
    },
    "insert-css": {
      "version": "2.0.0",
      "resolved": "https://registry.npm.taobao.org/insert-css/download/insert-css-2.0.0.tgz",
      "integrity": "sha1-610Ql7dUL0x56jBg067gfQU4gPQ="
    },
    "js-tokens": {
      "version": "4.0.0",
      "resolved": "https://registry.npm.taobao.org/js-tokens/download/js-tokens-4.0.0.tgz?cache=0&sync_timestamp=1586796305651&other_urls=https%3A%2F%2Fregistry.npm.taobao.org%2Fjs-tokens%2Fdownload%2Fjs-tokens-4.0.0.tgz",
      "integrity": "sha1-GSA/tZmR35jjoocFDUZHzerzJJk="
    },
    "loose-envify": {
      "version": "1.4.0",
      "resolved": "https://registry.npm.taobao.org/loose-envify/download/loose-envify-1.4.0.tgz",
      "integrity": "sha1-ce5R+nvkyuwaY4OffmgtgTLTDK8=",
      "requires": {
        "js-tokens": "^3.0.0 || ^4.0.0"
      }
    },
    "object-assign": {
      "version": "4.1.1",
      "resolved": "https://registry.npm.taobao.org/object-assign/download/object-assign-4.1.1.tgz",
      "integrity": "sha1-IQmtx5ZYh8/AXLvUQsrIv7s2CGM="
    },
    "prop-types": {
      "version": "15.7.2",
      "resolved": "https://registry.npm.taobao.org/prop-types/download/prop-types-15.7.2.tgz",
      "integrity": "sha1-UsQedbjIfnK52TYOAga5ncv/psU=",
      "requires": {
        "loose-envify": "^1.4.0",
        "object-assign": "^4.1.1",
        "react-is": "^16.8.1"
      }
    },
    "rc-util": {
      "version": "4.20.5",
      "resolved": "https://registry.npm.taobao.org/rc-util/download/rc-util-4.20.5.tgz?cache=0&sync_timestamp=1587806368070&other_urls=https%3A%2F%2Fregistry.npm.taobao.org%2Frc-util%2Fdownload%2Frc-util-4.20.5.tgz",
      "integrity": "sha1-98d1aelxrmqK1W+JnK3SInU5gyU=",
      "requires": {
        "add-dom-event-listener": "^1.1.0",
        "prop-types": "^15.5.10",
        "react-is": "^16.12.0",
        "react-lifecycles-compat": "^3.0.4",
        "shallowequal": "^1.1.0"
      }
    },
    "react-is": {
      "version": "16.13.1",
      "resolved": "https://registry.npm.taobao.org/react-is/download/react-is-16.13.1.tgz?cache=0&other_urls=https%3A%2F%2Fregistry.npm.taobao.org%2Freact-is%2Fdownload%2Freact-is-16.13.1.tgz",
      "integrity": "sha1-eJcppNw23imZ3BVt1sHZwYzqVqQ="
    },
    "react-lifecycles-compat": {
      "version": "3.0.4",
      "resolved": "https://registry.npm.taobao.org/react-lifecycles-compat/download/react-lifecycles-compat-3.0.4.tgz",
      "integrity": "sha1-TxonOv38jzSIqMUWv9p4+HI1I2I="
    },
    "shallowequal": {
      "version": "1.1.0",
      "resolved": "https://registry.npm.taobao.org/shallowequal/download/shallowequal-1.1.0.tgz",
      "integrity": "sha1-GI1SHelbkIdAT9TctosT3wrk5/g="
    },
    "tinycolor2": {
      "version": "1.4.1",
      "resolved": "https://registry.npm.taobao.org/tinycolor2/download/tinycolor2-1.4.1.tgz",
      "integrity": "sha1-9PrTM0R7wLB9TcjpIJ2POaisd+g="
    }
  }
}
